Microsoft Visual Studio Solution File, Format Version 12.00
# Visual Studio Version 17
VisualStudioVersion = 17.5.2.0
MinimumVisualStudioVersion = 10.0.40219.1
Project("{FAE04EC0-301F-11D3-BF4B-00C04F79EFBC}") = "Oilfire", "Oilfire\Oilfire.csproj", "{5F74C2BE-AD52-8E21-2CBD-76DD29443857}"
EndProject
Global
	GlobalSection(SolutionConfigurationPlatforms) = preSolution
		Debug|Any CPU = Debug|Any CPU
		Release|Any CPU = Release|Any CPU
	EndGlobalSection
	GlobalSection(ProjectConfigurationPlatforms) = postSolution
		{5F74C2BE-AD52-8E21-2CBD-76DD29443857}.Debug|Any CPU.ActiveCfg = Debug|Any CPU
		{5F74C2BE-AD52-8E21-2CBD-76DD29443857}.Debug|Any CPU.Build.0 = Debug|Any CPU
		{5F74C2BE-AD52-8E21-2CBD-76DD29443857}.Release|Any CPU.ActiveCfg = Release|Any CPU
		{5F74C2BE-AD52-8E21-2CBD-76DD29443857}.Release|Any CPU.Build.0 = Release|Any CPU
	EndGlobalSection
	GlobalSection(SolutionProperties) = preSolution
		HideSolutionNode = FALSE
	EndGlobalSection
	GlobalSection(ExtensibilityGlobals) = postSolution
		SolutionGuid = {FD2C9D6C-484C-4AF1-B39B-52B15676B2FE}
	EndGlobalSection
EndGlobal
